dependencies:
  espressif/esp_lcd_touch:
    dependencies: []
    source:
      path: D:\Documents\MyWorkspaces\Espressif\esp32_lcd\components\espressif__esp_lcd_touch
      type: local
    version: 1.1.2
  espressif/esp_lcd_touch_gt911:
    dependencies: []
    source:
      path: D:\Documents\MyWorkspaces\Espressif\esp32_lcd\components\espressif__esp_lcd_touch_gt911
      type: local
    version: 1.1.1~1
  idf:
    source:
      type: idf
    version: 5.4.0
  lvgl/lvgl:
    dependencies: []
    source:
      path: D:\Documents\MyWorkspaces\Espressif\esp32_lcd\components\lvgl__lvgl
      type: local
    version: 8.4.0
direct_dependencies:
- espressif/esp_lcd_touch
- espressif/esp_lcd_touch_gt911
- idf
- lvgl/lvgl
manifest_hash: 1ae00376725d4ca1b14c7c5a720ce5a898ec0751d539dd6973e177ad716ff6ef
target: esp32s3
version: 2.0.0
